
Microsoft Visual Studio Solution File, Format Version 12.00
# Visual Studio Version 17
VisualStudioVersion = 17.0.31903.59
MinimumVisualStudioVersion = 10.0.40219.1
Project("{FAE04EC0-301F-11D3-BF4B-00C04F79EFBC}") = "QDevFullstack.API", "QDevFullstack.API\QDevFullstack.API.csproj", "{ED20C2E2-725D-4EEB-B374-C23E1F1A91CA}"
EndProject
Project("{FAE04EC0-301F-11D3-BF4B-00C04F79EFBC}") = "QDevFullstack.Infra", "QDevFullstack.Infra\QDevFullstack.Infra.csproj", "{AD4B27D0-108D-46E2-A10D-C89911567D9F}"
EndProject
Project("{FAE04EC0-301F-11D3-BF4B-00C04F79EFBC}") = "QDevFullstack.Test", "QDevFullstack.Test\QDevFullstack.Test.csproj", "{8FD0A95E-4359-462C-A7E0-233B3537A149}"
EndProject
Global
	GlobalSection(SolutionConfigurationPlatforms) = preSolution
		Debug|Any CPU = Debug|Any CPU
		Release|Any CPU = Release|Any CPU
	EndGlobalSection
	GlobalSection(SolutionProperties) = preSolution
		HideSolutionNode = FALSE
	EndGlobalSection
	GlobalSection(ProjectConfigurationPlatforms) = postSolution
		{ED20C2E2-725D-4EEB-B374-C23E1F1A91CA}.Debug|Any CPU.ActiveCfg = Debug|Any CPU
		{ED20C2E2-725D-4EEB-B374-C23E1F1A91CA}.Debug|Any CPU.Build.0 = Debug|Any CPU
		{ED20C2E2-725D-4EEB-B374-C23E1F1A91CA}.Release|Any CPU.ActiveCfg = Release|Any CPU
		{ED20C2E2-725D-4EEB-B374-C23E1F1A91CA}.Release|Any CPU.Build.0 = Release|Any CPU
		{AD4B27D0-108D-46E2-A10D-C89911567D9F}.Debug|Any CPU.ActiveCfg = Debug|Any CPU
		{AD4B27D0-108D-46E2-A10D-C89911567D9F}.Debug|Any CPU.Build.0 = Debug|Any CPU
		{AD4B27D0-108D-46E2-A10D-C89911567D9F}.Release|Any CPU.ActiveCfg = Release|Any CPU
		{AD4B27D0-108D-46E2-A10D-C89911567D9F}.Release|Any CPU.Build.0 = Release|Any CPU
		{8FD0A95E-4359-462C-A7E0-233B3537A149}.Debug|Any CPU.ActiveCfg = Debug|Any CPU
		{8FD0A95E-4359-462C-A7E0-233B3537A149}.Debug|Any CPU.Build.0 = Debug|Any CPU
		{8FD0A95E-4359-462C-A7E0-233B3537A149}.Release|Any CPU.ActiveCfg = Release|Any CPU
		{8FD0A95E-4359-462C-A7E0-233B3537A149}.Release|Any CPU.Build.0 = Release|Any CPU
	EndGlobalSection
EndGlobal
